<Solution>
  <Folder Name="/Elementos de la solución/">
    <File Path="global.json" />
    <File Path="schema.sql" />
  </Folder>
  <Project Path="PSC.Blazor.Components.MarkdownEditor/PSC.Blazor.Components.MarkdownEditor.csproj" />
  <Project Path="simple-crud.Api/simple-crud.Api.csproj" />
  <Project Path="simple-crud.Client/simple-crud.Client.csproj" />
  <Project Path="simple-crud.Library/simple-crud.Library.csproj" />
</Solution>
